<Solution>
  <Folder Name="/Solution Items/">
    <File Path="Directory.Packages.props" />
  </Folder>
  <Project Path="BtcEurMarketDepth.Api/BtcEurMarketDepth.Api.csproj" />
  <Project Path="BtcEurMarketDepth.Application/BtcEurMarketDepth.Application.csproj" />
  <Project Path="BtcEurMarketDepth.Domain/BtcEurMarketDepth.Domain.csproj" />
  <Project Path="BtcEurMarketDepth.Infrastructure/BtcEurMarketDepth.Infrastructure.csproj" />
  <Project Path="BtcEurMarketDepth.Tests/BtcEurMarketDepth.Tests.csproj" />
</Solution>
